// !$*UTF8*$!
{
	archiveVersion = 1;
	classes = {
	};
	objectVersion = 48;
	objects = {

/* Begin PBXBuildFile section */
		243A8B5B209AE49F00424612 /* ImageHelper.swift in Sources */ = {isa = PBXBuildFile; fileRef = 243A8B5A209AE49F00424612 /* ImageHelper.swift */; };
		243A8B99209B0DDF00424612 /* CustomWindowController.swift in Sources */ = {isa = PBXBuildFile; fileRef = 243A8B98209B0DDF00424612 /* CustomWindowController.swift */; };
		274717602011C2560023A767 /* Main.storyboard in Resources */ = {isa = PBXBuildFile; fileRef = 2774BD6F1FE8EA1200DB21DB /* Main.storyboard */; };
		2756FE9B1FE8FDC8001157B7 /* empty.plist in Resources */ = {isa = PBXBuildFile; fileRef = 2756FE9A1FE8FDC8001157B7 /* empty.plist */; };
		2756FE9D1FEA0432001157B7 /* DestinationView.swift in Sources */ = {isa = PBXBuildFile; fileRef = 2756FE9C1FEA0432001157B7 /* DestinationView.swift */; };
		2774BD681FE8EA1200DB21DB /* AppDelegate.swift in Sources */ = {isa = PBXBuildFile; fileRef = 2774BD671FE8EA1200DB21DB /* AppDelegate.swift */; };
		2774BD6A1FE8EA1200DB21DB /* ViewController.swift in Sources */ = {isa = PBXBuildFile; fileRef = 2774BD691FE8EA1200DB21DB /* ViewController.swift */; };
		2774BD6E1FE8EA1200DB21DB /* Assets.xcassets in Resources */ = {isa = PBXBuildFile; fileRef = 2774BD6D1FE8EA1200DB21DB /* Assets.xcassets */; };
		2774BD7D1FE8EA1200DB21DB /* H5ProjectMakeTests.swift in Sources */ = {isa = PBXBuildFile; fileRef = 2774BD7C1FE8EA1200DB21DB /* H5ProjectMakeTests.swift */; };
		2774BD881FE8EA1200DB21DB /* H5ProjectMakeUITests.swift in Sources */ = {isa = PBXBuildFile; fileRef = 2774BD871FE8EA1200DB21DB /* H5ProjectMakeUITests.swift */; };
		2774BD971FE8EACD00DB21DB /* PlistViewController.swift in Sources */ = {isa = PBXBuildFile; fileRef = 2774BD961FE8EACD00DB21DB /* PlistViewController.swift */; };
/* End PBXBuildFile section */

/* Begin PBXContainerItemProxy section */
		2774BD791FE8EA1200DB21DB /* PBXContainerItemProxy */ = {
			isa = PBXContainerItemProxy;
			containerPortal = 2774BD5C1FE8EA1200DB21DB /* Project object */;
			proxyType = 1;
			remoteGlobalIDString = 2774BD631FE8EA1200DB21DB;
			remoteInfo = H5ProjectMake;
		};
		2774BD841FE8EA1200DB21DB /* PBXContainerItemProxy */ = {
			isa = PBXContainerItemProxy;
			containerPortal = 2774BD5C1FE8EA1200DB21DB /* Project object */;
			proxyType = 1;
			remoteGlobalIDString = 2774BD631FE8EA1200DB21DB;
			remoteInfo = H5ProjectMake;
		};
/* End PBXContainerItemProxy section */

/* Begin PBXFileReference section */
		243A8B5A209AE49F00424612 /* ImageHelper.swift */ = {isa = PBXFileReference; lastKnownFileType = sourcecode.swift; path = ImageHelper.swift; sourceTree = "<group>"; };
		243A8B98209B0DDF00424612 /* CustomWindowController.swift */ = {isa = PBXFileReference; lastKnownFileType = sourcecode.swift; path = CustomWindowController.swift; sourceTree = "<group>"; };
		270A4C7D1FECDDFB00DE7C3D /* H5ProjectMake-Bridging-Header.h */ = {isa = PBXFileReference; lastKnownFileType = sourcecode.c.h; path = "H5ProjectMake-Bridging-Header.h"; sourceTree = "<group>"; };
		2756FE9A1FE8FDC8001157B7 /* empty.plist */ = {isa = PBXFileReference; fileEncoding = 4; lastKnownFileType = text.plist.xml; path = empty.plist; sourceTree = "<group>"; };
		2756FE9C1FEA0432001157B7 /* DestinationView.swift */ = {isa = PBXFileReference; lastKnownFileType = sourcecode.swift; path = DestinationView.swift; sourceTree = "<group>"; };
		2774BD641FE8EA1200DB21DB /* PlistMake.app */ = {isa = PBXFileReference; explicitFileType = wrapper.application; includeInIndex = 0; path = PlistMake.app; sourceTree = BUILT_PRODUCTS_DIR; };
		2774BD671FE8EA1200DB21DB /* AppDelegate.swift */ = {isa = PBXFileReference; lastKnownFileType = sourcecode.swift; path = AppDelegate.swift; sourceTree = "<group>"; };
		2774BD691FE8EA1200DB21DB /* ViewController.swift */ = {isa = PBXFileReference; lastKnownFileType = sourcecode.swift; path = ViewController.swift; sourceTree = "<group>"; };
		2774BD6D1FE8EA1200DB21DB /* Assets.xcassets */ = {isa = PBXFileReference; lastKnownFileType = folder.assetcatalog; path = Assets.xcassets; sourceTree = "<group>"; };
		2774BD701FE8EA1200DB21DB /* Base */ = {isa = PBXFileReference; lastKnownFileType = file.storyboard; name = Base; path = Base.lproj/Main.storyboard; sourceTree = "<group>"; };
		2774BD721FE8EA1200DB21DB /* Info.plist */ = {isa = PBXFileReference; lastKnownFileType = text.plist.xml; path = Info.plist; sourceTree = "<group>"; };
		2774BD731FE8EA1200DB21DB /* H5ProjectMake.entitlements */ = {isa = PBXFileReference; lastKnownFileType = text.plist.entitlements; path = H5ProjectMake.entitlements; sourceTree = "<group>"; };
		2774BD781FE8EA1200DB21DB /* PlistMakeTests.xctest */ = {isa = PBXFileReference; explicitFileType = wrapper.cfbundle; includeInIndex = 0; path = PlistMakeTests.xctest; sourceTree = BUILT_PRODUCTS_DIR; };
		2774BD7C1FE8EA1200DB21DB /* H5ProjectMakeTests.swift */ = {isa = PBXFileReference; lastKnownFileType = sourcecode.swift; path = H5ProjectMakeTests.swift; sourceTree = "<group>"; };
		2774BD7E1FE8EA1200DB21DB /* Info.plist */ = {isa = PBXFileReference; lastKnownFileType = text.plist.xml; path = Info.plist; sourceTree = "<group>"; };
		2774BD831FE8EA1200DB21DB /* PlistMakeUITests.xctest */ = {isa = PBXFileReference; explicitFileType = wrapper.cfbundle; includeInIndex = 0; path = PlistMakeUITests.xctest; sourceTree = BUILT_PRODUCTS_DIR; };
		2774BD871FE8EA1200DB21DB /* H5ProjectMakeUITests.swift */ = {isa = PBXFileReference; lastKnownFileType = sourcecode.swift; path = H5ProjectMakeUITests.swift; sourceTree = "<group>"; };
		2774BD891FE8EA1200DB21DB /* Info.plist */ = {isa = PBXFileReference; lastKnownFileType = text.plist.xml; path = Info.plist; sourceTree = "<group>"; };
		2774BD961FE8EACD00DB21DB /* PlistViewController.swift */ = {isa = PBXFileReference; lastKnownFileType = sourcecode.swift; path = PlistViewController.swift; sourceTree = "<group>"; };
/* End PBXFileReference section */

/* Begin PBXFrameworksBuildPhase section */
		2774BD611FE8EA1200DB21DB /* Frameworks */ = {
			isa = PBXFrameworksBuildPhase;
			buildActionMask = 2147483647;
			files = (
			);
			runOnlyForDeploymentPostprocessing = 0;
		};
		2774BD751FE8EA1200DB21DB /* Frameworks */ = {
			isa = PBXFrameworksBuildPhase;
			buildActionMask = 2147483647;
			files = (
			);
			runOnlyForDeploymentPostprocessing = 0;
		};
		2774BD801FE8EA1200DB21DB /* Frameworks */ = {
			isa = PBXFrameworksBuildPhase;
			buildActionMask = 2147483647;
			files = (
			);
			runOnlyForDeploymentPostprocessing = 0;
		};
/* End PBXFrameworksBuildPhase section */

/* Begin PBXGroup section */
		2774BD5B1FE8EA1200DB21DB = {
			isa = PBXGroup;
			children = (
				2774BD661FE8EA1200DB21DB /* H5ProjectMake */,
				2774BD7B1FE8EA1200DB21DB /* H5ProjectMakeTests */,
				2774BD861FE8EA1200DB21DB /* H5ProjectMakeUITests */,
				2774BD651FE8EA1200DB21DB /* Products */,
			);
			sourceTree = "<group>";
		};
		2774BD651FE8EA1200DB21DB /* Products */ = {
			isa = PBXGroup;
			children = (
				2774BD641FE8EA1200DB21DB /* PlistMake.app */,
				2774BD781FE8EA1200DB21DB /* PlistMakeTests.xctest */,
				2774BD831FE8EA1200DB21DB /* PlistMakeUITests.xctest */,
			);
			name = Products;
			sourceTree = "<group>";
		};
		2774BD661FE8EA1200DB21DB /* H5ProjectMake */ = {
			isa = PBXGroup;
			children = (
				2774BD671FE8EA1200DB21DB /* AppDelegate.swift */,
				2774BD691FE8EA1200DB21DB /* ViewController.swift */,
				2774BD6D1FE8EA1200DB21DB /* Assets.xcassets */,
				2774BD6F1FE8EA1200DB21DB /* Main.storyboard */,
				2774BD721FE8EA1200DB21DB /* Info.plist */,
				2774BD731FE8EA1200DB21DB /* H5ProjectMake.entitlements */,
				2774BD951FE8EA7E00DB21DB /* PlistMaker */,
				270A4C7D1FECDDFB00DE7C3D /* H5ProjectMake-Bridging-Header.h */,
			);
			path = H5ProjectMake;
			sourceTree = "<group>";
		};
		2774BD7B1FE8EA1200DB21DB /* H5ProjectMakeTests */ = {
			isa = PBXGroup;
			children = (
				2774BD7C1FE8EA1200DB21DB /* H5ProjectMakeTests.swift */,
				2774BD7E1FE8EA1200DB21DB /* Info.plist */,
			);
			path = H5ProjectMakeTests;
			sourceTree = "<group>";
		};
		2774BD861FE8EA1200DB21DB /* H5ProjectMakeUITests */ = {
			isa = PBXGroup;
			children = (
				2774BD871FE8EA1200DB21DB /* H5ProjectMakeUITests.swift */,
				2774BD891FE8EA1200DB21DB /* Info.plist */,
			);
			path = H5ProjectMakeUITests;
			sourceTree = "<group>";
		};
		2774BD951FE8EA7E00DB21DB /* PlistMaker */ = {
			isa = PBXGroup;
			children = (
				2756FE9A1FE8FDC8001157B7 /* empty.plist */,
				2774BD961FE8EACD00DB21DB /* PlistViewController.swift */,
				243A8B5A209AE49F00424612 /* ImageHelper.swift */,
				2756FE9C1FEA0432001157B7 /* DestinationView.swift */,
				243A8B98209B0DDF00424612 /* CustomWindowController.swift */,
			);
			path = PlistMaker;
			sourceTree = "<group>";
		};
/* End PBXGroup section */

/* Begin PBXNativeTarget section */
		2774BD631FE8EA1200DB21DB /* PlistMake */ = {
			isa = PBXNativeTarget;
			buildConfigurationList = 2774BD8C1FE8EA1200DB21DB /* Build configuration list for PBXNativeTarget "PlistMake" */;
			buildPhases = (
				2774BD601FE8EA1200DB21DB /* Sources */,
				2774BD611FE8EA1200DB21DB /* Frameworks */,
				2774BD621FE8EA1200DB21DB /* Resources */,
			);
			buildRules = (
			);
			dependencies = (
			);
			name = PlistMake;
			productName = H5ProjectMake;
			productReference = 2774BD641FE8EA1200DB21DB /* PlistMake.app */;
			productType = "com.apple.product-type.application";
		};
		2774BD771FE8EA1200DB21DB /* PlistMakeTests */ = {
			isa = PBXNativeTarget;
			buildConfigurationList = 2774BD8F1FE8EA1200DB21DB /* Build configuration list for PBXNativeTarget "PlistMakeTests" */;
			buildPhases = (
				2774BD741FE8EA1200DB21DB /* Sources */,
				2774BD751FE8EA1200DB21DB /* Frameworks */,
				2774BD761FE8EA1200DB21DB /* Resources */,
			);
			buildRules = (
			);
			dependencies = (
				2774BD7A1FE8EA1200DB21DB /* PBXTargetDependency */,
			);
			name = PlistMakeTests;
			productName = H5ProjectMakeTests;
			productReference = 2774BD781FE8EA1200DB21DB /* PlistMakeTests.xctest */;
			productType = "com.apple.product-type.bundle.unit-test";
		};
		2774BD821FE8EA1200DB21DB /* PlistMakeUITests */ = {
			isa = PBXNativeTarget;
			buildConfigurationList = 2774BD921FE8EA1200DB21DB /* Build configuration list for PBXNativeTarget "PlistMakeUITests" */;
			buildPhases = (
				2774BD7F1FE8EA1200DB21DB /* Sources */,
				2774BD801FE8EA1200DB21DB /* Frameworks */,
				2774BD811FE8EA1200DB21DB /* Resources */,
			);
			buildRules = (
			);
			dependencies = (
				2774BD851FE8EA1200DB21DB /* PBXTargetDependency */,
			);
			name = PlistMakeUITests;
			productName = H5ProjectMakeUITests;
			productReference = 2774BD831FE8EA1200DB21DB /* PlistMakeUITests.xctest */;
			productType = "com.apple.product-type.bundle.ui-testing";
		};
/* End PBXNativeTarget section */

/* Begin PBXProject section */
		2774BD5C1FE8EA1200DB21DB /* Project object */ = {
			isa = PBXProject;
			attributes = {
				LastSwiftUpdateCheck = 0920;
				LastUpgradeCheck = 0930;
				ORGANIZATIONNAME = ascp;
				TargetAttributes = {
					2774BD631FE8EA1200DB21DB = {
						CreatedOnToolsVersion = 9.2;
						LastSwiftMigration = 0920;
						ProvisioningStyle = Automatic;
					};
					2774BD771FE8EA1200DB21DB = {
						CreatedOnToolsVersion = 9.2;
						ProvisioningStyle = Automatic;
						TestTargetID = 2774BD631FE8EA1200DB21DB;
					};
					2774BD821FE8EA1200DB21DB = {
						CreatedOnToolsVersion = 9.2;
						ProvisioningStyle = Automatic;
						TestTargetID = 2774BD631FE8EA1200DB21DB;
					};
				};
			};
			buildConfigurationList = 2774BD5F1FE8EA1200DB21DB /* Build configuration list for PBXProject "PlistMake" */;
			compatibilityVersion = "Xcode 8.0";
			developmentRegion = en;
			hasScannedForEncodings = 0;
			knownRegions = (
				en,
				Base,
			);
			mainGroup = 2774BD5B1FE8EA1200DB21DB;
			productRefGroup = 2774BD651FE8EA1200DB21DB /* Products */;
			projectDirPath = "";
			projectRoot = "";
			targets = (
				2774BD631FE8EA1200DB21DB /* PlistMake */,
				2774BD771FE8EA1200DB21DB /* PlistMakeTests */,
				2774BD821FE8EA1200DB21DB /* PlistMakeUITests */,
			);
		};
/* End PBXProject section */

/* Begin PBXResourcesBuildPhase section */
		2774BD621FE8EA1200DB21DB /* Resources */ = {
			isa = PBXResourcesBuildPhase;
			buildActionMask = 2147483647;
			files = (
				2774BD6E1FE8EA1200DB21DB /* Assets.xcassets in Resources */,
				2756FE9B1FE8FDC8001157B7 /* empty.plist in Resources */,
				274717602011C2560023A767 /* Main.storyboard in Resources */,
			);
			runOnlyForDeploymentPostprocessing = 0;
		};
		2774BD761FE8EA1200DB21DB /* Resources */ = {
			isa = PBXResourcesBuildPhase;
			buildActionMask = 2147483647;
			files = (
			);
			runOnlyForDeploymentPostprocessing = 0;
		};
		2774BD811FE8EA1200DB21DB /* Resources */ = {
			isa = PBXResourcesBuildPhase;
			buildActionMask = 2147483647;
			files = (
			);
			runOnlyForDeploymentPostprocessing = 0;
		};
/* End PBXResourcesBuildPhase section */

/* Begin PBXSourcesBuildPhase section */
		2774BD601FE8EA1200DB21DB /* Sources */ = {
			isa = PBXSourcesBuildPhase;
			buildActionMask = 2147483647;
			files = (
				2774BD6A1FE8EA1200DB21DB /* ViewController.swift in Sources */,
				243A8B5B209AE49F00424612 /* ImageHelper.swift in Sources */,
				243A8B99209B0DDF00424612 /* CustomWindowController.swift in Sources */,
				2774BD681FE8EA1200DB21DB /* AppDelegate.swift in Sources */,
				2756FE9D1FEA0432001157B7 /* DestinationView.swift in Sources */,
				2774BD971FE8EACD00DB21DB /* PlistViewController.swift in Sources */,
			);
			runOnlyForDeploymentPostprocessing = 0;
		};
		2774BD741FE8EA1200DB21DB /* Sources */ = {
			isa = PBXSourcesBuildPhase;
			buildActionMask = 2147483647;
			files = (
				2774BD7D1FE8EA1200DB21DB /* H5ProjectMakeTests.swift in Sources */,
			);
			runOnlyForDeploymentPostprocessing = 0;
		};
		2774BD7F1FE8EA1200DB21DB /* Sources */ = {
			isa = PBXSourcesBuildPhase;
			buildActionMask = 2147483647;
			files = (
				2774BD881FE8EA1200DB21DB /* H5ProjectMakeUITests.swift in Sources */,
			);
			runOnlyForDeploymentPostprocessing = 0;
		};
/* End PBXSourcesBuildPhase section */

/* Begin PBXTargetDependency section */
		2774BD7A1FE8EA1200DB21DB /* PBXTargetDependency */ = {
			isa = PBXTargetDependency;
			target = 2774BD631FE8EA1200DB21DB /* PlistMake */;
			targetProxy = 2774BD791FE8EA1200DB21DB /* PBXContainerItemProxy */;
		};
		2774BD851FE8EA1200DB21DB /* PBXTargetDependency */ = {
			isa = PBXTargetDependency;
			target = 2774BD631FE8EA1200DB21DB /* PlistMake */;
			targetProxy = 2774BD841FE8EA1200DB21DB /* PBXContainerItemProxy */;
		};
/* End PBXTargetDependency section */

/* Begin PBXVariantGroup section */
		2774BD6F1FE8EA1200DB21DB /* Main.storyboard */ = {
			isa = PBXVariantGroup;
			children = (
				2774BD701FE8EA1200DB21DB /* Base */,
			);
			name = Main.storyboard;
			sourceTree = "<group>";
		};
/* End PBXVariantGroup section */

/* Begin XCBuildConfiguration section */
		2774BD8A1FE8EA1200DB21DB /* Debug */ = {
			isa = XCBuildConfiguration;
			buildSettings = {
				ALWAYS_SEARCH_USER_PATHS = NO;
				CLANG_ANALYZER_LOCALIZABILITY_NONLOCALIZED = YES;
				CLANG_ANALYZER_NONNULL = YES;
				CLANG_ANALYZER_NUMBER_OBJECT_CONVERSION = YES_AGGRESSIVE;
				CLANG_CXX_LANGUAGE_STANDARD = "gnu++14";
				CLANG_CXX_LIBRARY = "libc++";
				CLANG_ENABLE_MODULES = YES;
				CLANG_ENABLE_OBJC_ARC = YES;
				CLANG_WARN_BLOCK_CAPTURE_AUTORELEASING = YES;
				CLANG_WARN_BOOL_CONVERSION = YES;
				CLANG_WARN_COMMA = YES;
				CLANG_WARN_CONSTANT_CONVERSION = YES;
				CLANG_WARN_DEPRECATED_OBJC_IMPLEMENTATIONS = YES;
				CLANG_WARN_DIRECT_OBJC_ISA_USAGE = YES_ERROR;
				CLANG_WARN_DOCUMENTATION_COMMENTS = YES;
				CLANG_WARN_EMPTY_BODY = YES;
				CLANG_WARN_ENUM_CONVERSION = YES;
				CLANG_WARN_INFINITE_RECURSION = YES;
				CLANG_WARN_INT_CONVERSION = YES;
				CLANG_WARN_NON_LITERAL_NULL_CONVERSION = YES;
				CLANG_WARN_OBJC_IMPLICIT_RETAIN_SELF = YES;
				CLANG_WARN_OBJC_LITERAL_CONVERSION = YES;
				CLANG_WARN_OBJC_ROOT_CLASS = YES_ERROR;
				CLANG_WARN_RANGE_LOOP_ANALYSIS = YES;
				CLANG_WARN_STRICT_PROTOTYPES = YES;
				CLANG_WARN_SUSPICIOUS_MOVE = YES;
				CLANG_WARN_UNGUARDED_AVAILABILITY = YES_AGGRESSIVE;
				CLANG_WARN_UNREACHABLE_CODE = YES;
				CLANG_WARN__DUPLICATE_METHOD_MATCH = YES;
				CODE_SIGN_IDENTITY = "Mac Developer";
				COPY_PHASE_STRIP = NO;
				DEBUG_INFORMATION_FORMAT = dwarf;
				ENABLE_STRICT_OBJC_MSGSEND = YES;
				ENABLE_TESTABILITY = YES;
				GCC_C_LANGUAGE_STANDARD = gnu11;
				GCC_DYNAMIC_NO_PIC = NO;
				GCC_NO_COMMON_BLOCKS = YES;
				GCC_OPTIMIZATION_LEVEL = 0;
				GCC_PREPROCESSOR_DEFINITIONS = (
					"DEBUG=1",
					"$(inherited)",
				);
				GCC_WARN_64_TO_32_BIT_CONVERSION = YES;
				GCC_WARN_ABOUT_RETURN_TYPE = YES_ERROR;
				GCC_WARN_UNDECLARED_SELECTOR = YES;
				GCC_WARN_UNINITIALIZED_AUTOS = YES_AGGRESSIVE;
				GCC_WARN_UNUSED_FUNCTION = YES;
				GCC_WARN_UNUSED_VARIABLE = YES;
				MACOSX_DEPLOYMENT_TARGET = 10.13;
				MTL_ENABLE_DEBUG_INFO = YES;
				ONLY_ACTIVE_ARCH = YES;
				SDKROOT = macosx;
				SWIFT_ACTIVE_COMPILATION_CONDITIONS = DEBUG;
				SWIFT_OPTIMIZATION_LEVEL = "-Onone";
			};
			name = Debug;
		};
		2774BD8B1FE8EA1200DB21DB /* Release */ = {
			isa = XCBuildConfiguration;
			buildSettings = {
				ALWAYS_SEARCH_USER_PATHS = NO;
				CLANG_ANALYZER_LOCALIZABILITY_NONLOCALIZED = YES;
				CLANG_ANALYZER_NONNULL = YES;
				CLANG_ANALYZER_NUMBER_OBJECT_CONVERSION = YES_AGGRESSIVE;
				CLANG_CXX_LANGUAGE_STANDARD = "gnu++14";
				CLANG_CXX_LIBRARY = "libc++";
				CLANG_ENABLE_MODULES = YES;
				CLANG_ENABLE_OBJC_ARC = YES;
				CLANG_WARN_BLOCK_CAPTURE_AUTORELEASING = YES;
				CLANG_WARN_BOOL_CONVERSION = YES;
				CLANG_WARN_COMMA = YES;
				CLANG_WARN_CONSTANT_CONVERSION = YES;
				CLANG_WARN_DEPRECATED_OBJC_IMPLEMENTATIONS = YES;
				CLANG_WARN_DIRECT_OBJC_ISA_USAGE = YES_ERROR;
				CLANG_WARN_DOCUMENTATION_COMMENTS = YES;
				CLANG_WARN_EMPTY_BODY = YES;
				CLANG_WARN_ENUM_CONVERSION = YES;
				CLANG_WARN_INFINITE_RECURSION = YES;
				CLANG_WARN_INT_CONVERSION = YES;
				CLANG_WARN_NON_LITERAL_NULL_CONVERSION = YES;
				CLANG_WARN_OBJC_IMPLICIT_RETAIN_SELF = YES;
				CLANG_WARN_OBJC_LITERAL_CONVERSION = YES;
				CLANG_WARN_OBJC_ROOT_CLASS = YES_ERROR;
				CLANG_WARN_RANGE_LOOP_ANALYSIS = YES;
				CLANG_WARN_STRICT_PROTOTYPES = YES;
				CLANG_WARN_SUSPICIOUS_MOVE = YES;
				CLANG_WARN_UNGUARDED_AVAILABILITY = YES_AGGRESSIVE;
				CLANG_WARN_UNREACHABLE_CODE = YES;
				CLANG_WARN__DUPLICATE_METHOD_MATCH = YES;
				CODE_SIGN_IDENTITY = "Mac Developer";
				COPY_PHASE_STRIP = NO;
				DEBUG_INFORMATION_FORMAT = "dwarf-with-dsym";
				ENABLE_NS_ASSERTIONS = NO;
				ENABLE_STRICT_OBJC_MSGSEND = YES;
				GCC_C_LANGUAGE_STANDARD = gnu11;
				GCC_NO_COMMON_BLOCKS = YES;
				GCC_WARN_64_TO_32_BIT_CONVERSION = YES;
				GCC_WARN_ABOUT_RETURN_TYPE = YES_ERROR;
				GCC_WARN_UNDECLARED_SELECTOR = YES;
				GCC_WARN_UNINITIALIZED_AUTOS = YES_AGGRESSIVE;
				GCC_WARN_UNUSED_FUNCTION = YES;
				GCC_WARN_UNUSED_VARIABLE = YES;
				MACOSX_DEPLOYMENT_TARGET = 10.13;
				MTL_ENABLE_DEBUG_INFO = NO;
				SDKROOT = macosx;
				SWIFT_OPTIMIZATION_LEVEL = "-Owholemodule";
			};
			name = Release;
		};
		2774BD8D1FE8EA1200DB21DB /* Debug */ = {
			isa = XCBuildConfiguration;
			buildSettings = {
				ASSETCATALOG_COMPILER_APPICON_NAME = AppIcon;
				CLANG_ENABLE_MODULES = YES;
				CODE_SIGN_ENTITLEMENTS = H5ProjectMake/H5ProjectMake.entitlements;
				CODE_SIGN_STYLE = Automatic;
				COMBINE_HIDPI_IMAGES = YES;
				DEVELOPMENT_TEAM = E6NP67H473;
				INFOPLIST_FILE = H5ProjectMake/Info.plist;
				LD_RUNPATH_SEARCH_PATHS = "$(inherited) @executable_path/../Frameworks";
				MACOSX_DEPLOYMENT_TARGET = 10.13;
				PRODUCT_BUNDLE_IDENTIFIER = com.ascp.H5ProjectMake;
				PRODUCT_NAME = "$(TARGET_NAME)";
				SWIFT_OBJC_BRIDGING_HEADER = "H5ProjectMake/H5ProjectMake-Bridging-Header.h";
				SWIFT_OPTIMIZATION_LEVEL = "-Onone";
				SWIFT_VERSION = 4.0;
			};
			name = Debug;
		};
		2774BD8E1FE8EA1200DB21DB /* Release */ = {
			isa = XCBuildConfiguration;
			buildSettings = {
				ASSETCATALOG_COMPILER_APPICON_NAME = AppIcon;
				CLANG_ENABLE_MODULES = YES;
				CODE_SIGN_ENTITLEMENTS = H5ProjectMake/H5ProjectMake.entitlements;
				CODE_SIGN_STYLE = Automatic;
				COMBINE_HIDPI_IMAGES = YES;
				DEVELOPMENT_TEAM = E6NP67H473;
				INFOPLIST_FILE = H5ProjectMake/Info.plist;
				LD_RUNPATH_SEARCH_PATHS = "$(inherited) @executable_path/../Frameworks";
				MACOSX_DEPLOYMENT_TARGET = 10.13;
				PRODUCT_BUNDLE_IDENTIFIER = com.ascp.H5ProjectMake;
				PRODUCT_NAME = "$(TARGET_NAME)";
				SWIFT_OBJC_BRIDGING_HEADER = "H5ProjectMake/H5ProjectMake-Bridging-Header.h";
				SWIFT_VERSION = 4.0;
			};
			name = Release;
		};
		2774BD901FE8EA1200DB21DB /* Debug */ = {
			isa = XCBuildConfiguration;
			buildSettings = {
				ALWAYS_EMBED_SWIFT_STANDARD_LIBRARIES = YES;
				BUNDLE_LOADER = "$(TEST_HOST)";
				CODE_SIGN_STYLE = Automatic;
				COMBINE_HIDPI_IMAGES = YES;
				DEVELOPMENT_TEAM = A272626J38;
				INFOPLIST_FILE = H5ProjectMakeTests/Info.plist;
				LD_RUNPATH_SEARCH_PATHS = "$(inherited) @executable_path/../Frameworks @loader_path/../Frameworks";
				PRODUCT_BUNDLE_IDENTIFIER = com.ascp.H5ProjectMakeTests;
				PRODUCT_NAME = "$(TARGET_NAME)";
				SWIFT_VERSION = 4.0;
				TEST_HOST = "$(BUILT_PRODUCTS_DIR)/PlistMake.app/Contents/MacOS/PlistMake";
			};
			name = Debug;
		};
		2774BD911FE8EA1200DB21DB /* Release */ = {
			isa = XCBuildConfiguration;
			buildSettings = {
				ALWAYS_EMBED_SWIFT_STANDARD_LIBRARIES = YES;
				BUNDLE_LOADER = "$(TEST_HOST)";
				CODE_SIGN_STYLE = Automatic;
				COMBINE_HIDPI_IMAGES = YES;
				DEVELOPMENT_TEAM = A272626J38;
				INFOPLIST_FILE = H5ProjectMakeTests/Info.plist;
				LD_RUNPATH_SEARCH_PATHS = "$(inherited) @executable_path/../Frameworks @loader_path/../Frameworks";
				PRODUCT_BUNDLE_IDENTIFIER = com.ascp.H5ProjectMakeTests;
				PRODUCT_NAME = "$(TARGET_NAME)";
				SWIFT_VERSION = 4.0;
				TEST_HOST = "$(BUILT_PRODUCTS_DIR)/PlistMake.app/Contents/MacOS/PlistMake";
			};
			name = Release;
		};
		2774BD931FE8EA1200DB21DB /* Debug */ = {
			isa = XCBuildConfiguration;
			buildSettings = {
				ALWAYS_EMBED_SWIFT_STANDARD_LIBRARIES = YES;
				CODE_SIGN_STYLE = Automatic;
				COMBINE_HIDPI_IMAGES = YES;
				DEVELOPMENT_TEAM = A272626J38;
				INFOPLIST_FILE = H5ProjectMakeUITests/Info.plist;
				LD_RUNPATH_SEARCH_PATHS = "$(inherited) @executable_path/../Frameworks @loader_path/../Frameworks";
				PRODUCT_BUNDLE_IDENTIFIER = com.ascp.H5ProjectMakeUITests;
				PRODUCT_NAME = "$(TARGET_NAME)";
				SWIFT_VERSION = 4.0;
				TEST_TARGET_NAME = H5ProjectMake;
			};
			name = Debug;
		};
		2774BD941FE8EA1200DB21DB /* Release */ = {
			isa = XCBuildConfiguration;
			buildSettings = {
				ALWAYS_EMBED_SWIFT_STANDARD_LIBRARIES = YES;
				CODE_SIGN_STYLE = Automatic;
				COMBINE_HIDPI_IMAGES = YES;
				DEVELOPMENT_TEAM = A272626J38;
				INFOPLIST_FILE = H5ProjectMakeUITests/Info.plist;
				LD_RUNPATH_SEARCH_PATHS = "$(inherited) @executable_path/../Frameworks @loader_path/../Frameworks";
				PRODUCT_BUNDLE_IDENTIFIER = com.ascp.H5ProjectMakeUITests;
				PRODUCT_NAME = "$(TARGET_NAME)";
				SWIFT_VERSION = 4.0;
				TEST_TARGET_NAME = H5ProjectMake;
			};
			name = Release;
		};
/* End XCBuildConfiguration section */

/* Begin XCConfigurationList section */
		2774BD5F1FE8EA1200DB21DB /* Build configuration list for PBXProject "PlistMake" */ = {
			isa = XCConfigurationList;
			buildConfigurations = (
				2774BD8A1FE8EA1200DB21DB /* Debug */,
				2774BD8B1FE8EA1200DB21DB /* Release */,
			);
			defaultConfigurationIsVisible = 0;
			defaultConfigurationName = Release;
		};
		2774BD8C1FE8EA1200DB21DB /* Build configuration list for PBXNativeTarget "PlistMake" */ = {
			isa = XCConfigurationList;
			buildConfigurations = (
				2774BD8D1FE8EA1200DB21DB /* Debug */,
				2774BD8E1FE8EA1200DB21DB /* Release */,
			);
			defaultConfigurationIsVisible = 0;
			defaultConfigurationName = Release;
		};
		2774BD8F1FE8EA1200DB21DB /* Build configuration list for PBXNativeTarget "PlistMakeTests" */ = {
			isa = XCConfigurationList;
			buildConfigurations = (
				2774BD901FE8EA1200DB21DB /* Debug */,
				2774BD911FE8EA1200DB21DB /* Release */,
			);
			defaultConfigurationIsVisible = 0;
			defaultConfigurationName = Release;
		};
		2774BD921FE8EA1200DB21DB /* Build configuration list for PBXNativeTarget "PlistMakeUITests" */ = {
			isa = XCConfigurationList;
			buildConfigurations = (
				2774BD931FE8EA1200DB21DB /* Debug */,
				2774BD941FE8EA1200DB21DB /* Release */,
			);
			defaultConfigurationIsVisible = 0;
			defaultConfigurationName = Release;
		};
/* End XCConfigurationList section */
	};
	rootObject = 2774BD5C1FE8EA1200DB21DB /* Project object */;
}
